// !$*UTF8*$!
{
	archiveVersion = 1;
	classes = {
	};
	objectVersion = 50;
	objects = {

/* Begin PBXBuildFile section */
		7E953E1721C6D717007BC27A /* AppDelegate.swift in Sources */ = {isa = PBXBuildFile; fileRef = 7E953E1621C6D717007BC27A /* AppDelegate.swift */; };
		7E953E1921C6D717007BC27A /* ViewController.swift in Sources */ = {isa = PBXBuildFile; fileRef = 7E953E1821C6D717007BC27A /* ViewController.swift */; };
		7E953E1C21C6D717007BC27A /* Main.storyboard in Resources */ = {isa = PBXBuildFile; fileRef = 7E953E1A21C6D717007BC27A /* Main.storyboard */; };
		7E953E1E21C6D718007BC27A /* Assets.xcassets in Resources */ = {isa = PBXBuildFile; fileRef = 7E953E1D21C6D718007BC27A /* Assets.xcassets */; };
		7E953E2121C6D718007BC27A /* LaunchScreen.storyboard in Resources */ = {isa = PBXBuildFile; fileRef = 7E953E1F21C6D718007BC27A /* LaunchScreen.storyboard */; };
		7E953E3121C6D7D0007BC27A /* HttpRequest.swift in Sources */ = {isa = PBXBuildFile; fileRef = 7E953E2D21C6D7D0007BC27A /* HttpRequest.swift */; };
		7E953E3221C6D7D0007BC27A /* Request.MovieAPI.swift in Sources */ = {isa = PBXBuildFile; fileRef = 7E953E2E21C6D7D0007BC27A /* Request.MovieAPI.swift */; };
		7E953E3321C6D7D0007BC27A /* Request+HttpRequest.swift in Sources */ = {isa = PBXBuildFile; fileRef = 7E953E2F21C6D7D0007BC27A /* Request+HttpRequest.swift */; };
		7E953E3421C6D7D0007BC27A /* Request.swift in Sources */ = {isa = PBXBuildFile; fileRef = 7E953E3021C6D7D0007BC27A /* Request.swift */; };
		7E953E3621C6D7E1007BC27A /* ServiceRequest.swift in Sources */ = {isa = PBXBuildFile; fileRef = 7E953E3521C6D7E1007BC27A /* ServiceRequest.swift */; };
		F4D81DF7A97D73492D1AA9C3 /* Pods_CodeChallenge.framework in Frameworks */ = {isa = PBXBuildFile; fileRef = A0F2B03751D9B43A115D518E /* Pods_CodeChallenge.framework */; };
/* End PBXBuildFile section */

/* Begin PBXFileReference section */
		31F3B6A703FDDAF05CCC999A /* Pods-CodeChallenge.release.xcconfig */ = {isa = PBXFileReference; includeInIndex = 1; lastKnownFileType = text.xcconfig; name = "Pods-CodeChallenge.release.xcconfig"; path = "Pods/Target Support Files/Pods-CodeChallenge/Pods-CodeChallenge.release.xcconfig"; sourceTree = "<group>"; };
		475E6B06EB37BB8AB8641A2D /* Pods-CodeChallenge.debug.xcconfig */ = {isa = PBXFileReference; includeInIndex = 1; lastKnownFileType = text.xcconfig; name = "Pods-CodeChallenge.debug.xcconfig"; path = "Pods/Target Support Files/Pods-CodeChallenge/Pods-CodeChallenge.debug.xcconfig"; sourceTree = "<group>"; };
		7E953E1321C6D717007BC27A /* CodeChallenge.app */ = {isa = PBXFileReference; explicitFileType = wrapper.application; includeInIndex = 0; path = CodeChallenge.app; sourceTree = BUILT_PRODUCTS_DIR; };
		7E953E1621C6D717007BC27A /* AppDelegate.swift */ = {isa = PBXFileReference; lastKnownFileType = sourcecode.swift; path = AppDelegate.swift; sourceTree = "<group>"; };
		7E953E1821C6D717007BC27A /* ViewController.swift */ = {isa = PBXFileReference; lastKnownFileType = sourcecode.swift; path = ViewController.swift; sourceTree = "<group>"; };
		7E953E1B21C6D717007BC27A /* Base */ = {isa = PBXFileReference; lastKnownFileType = file.storyboard; name = Base; path = Base.lproj/Main.storyboard; sourceTree = "<group>"; };
		7E953E1D21C6D718007BC27A /* Assets.xcassets */ = {isa = PBXFileReference; lastKnownFileType = folder.assetcatalog; path = Assets.xcassets; sourceTree = "<group>"; };
		7E953E2021C6D718007BC27A /* Base */ = {isa = PBXFileReference; lastKnownFileType = file.storyboard; name = Base; path = Base.lproj/LaunchScreen.storyboard; sourceTree = "<group>"; };
		7E953E2221C6D718007BC27A /* Info.plist */ = {isa = PBXFileReference; lastKnownFileType = text.plist.xml; path = Info.plist; sourceTree = "<group>"; };
		7E953E2D21C6D7D0007BC27A /* HttpRequest.swift */ = {isa = PBXFileReference; fileEncoding = 4; lastKnownFileType = sourcecode.swift; path = HttpRequest.swift; sourceTree = "<group>"; };
		7E953E2E21C6D7D0007BC27A /* Request.MovieAPI.swift */ = {isa = PBXFileReference; fileEncoding = 4; lastKnownFileType = sourcecode.swift; path = Request.MovieAPI.swift; sourceTree = "<group>"; };
		7E953E2F21C6D7D0007BC27A /* Request+HttpRequest.swift */ = {isa = PBXFileReference; fileEncoding = 4; lastKnownFileType = sourcecode.swift; path = "Request+HttpRequest.swift"; sourceTree = "<group>"; };
		7E953E3021C6D7D0007BC27A /* Request.swift */ = {isa = PBXFileReference; fileEncoding = 4; lastKnownFileType = sourcecode.swift; path = Request.swift; sourceTree = "<group>"; };
		7E953E3521C6D7E1007BC27A /* ServiceRequest.swift */ = {isa = PBXFileReference; fileEncoding = 4; lastKnownFileType = sourcecode.swift; path = ServiceRequest.swift; sourceTree = "<group>"; };
		A0F2B03751D9B43A115D518E /* Pods_CodeChallenge.framework */ = {isa = PBXFileReference; explicitFileType = wrapper.framework; includeInIndex = 0; path = Pods_CodeChallenge.framework; sourceTree = BUILT_PRODUCTS_DIR; };
/* End PBXFileReference section */

/* Begin PBXFrameworksBuildPhase section */
		7E953E1021C6D717007BC27A /* Frameworks */ = {
			isa = PBXFrameworksBuildPhase;
			buildActionMask = 2147483647;
			files = (
				F4D81DF7A97D73492D1AA9C3 /* Pods_CodeChallenge.framework in Frameworks */,
			);
			runOnlyForDeploymentPostprocessing = 0;
		};
/* End PBXFrameworksBuildPhase section */

/* Begin PBXGroup section */
		7E953E0A21C6D717007BC27A = {
			isa = PBXGroup;
			children = (
				7E953E1521C6D717007BC27A /* CodeChallenge */,
				7E953E1421C6D717007BC27A /* Products */,
				9FC7BFF8A8CEE1A2C77C3F54 /* Pods */,
				D6B385A4979FAF2D740BB91E /* Frameworks */,
			);
			sourceTree = "<group>";
		};
		7E953E1421C6D717007BC27A /* Products */ = {
			isa = PBXGroup;
			children = (
				7E953E1321C6D717007BC27A /* CodeChallenge.app */,
			);
			name = Products;
			sourceTree = "<group>";
		};
		7E953E1521C6D717007BC27A /* CodeChallenge */ = {
			isa = PBXGroup;
			children = (
				7E953E2B21C6D7A3007BC27A /* Service */,
				7E953E2821C6D790007BC27A /* Model */,
				7E953E2921C6D798007BC27A /* View */,
				7E953E2A21C6D79E007BC27A /* Controller */,
				7E953E1621C6D717007BC27A /* AppDelegate.swift */,
				7E953E1D21C6D718007BC27A /* Assets.xcassets */,
				7E953E1F21C6D718007BC27A /* LaunchScreen.storyboard */,
				7E953E2221C6D718007BC27A /* Info.plist */,
			);
			path = CodeChallenge;
			sourceTree = "<group>";
		};
		7E953E2821C6D790007BC27A /* Model */ = {
			isa = PBXGroup;
			children = (
			);
			path = Model;
			sourceTree = "<group>";
		};
		7E953E2921C6D798007BC27A /* View */ = {
			isa = PBXGroup;
			children = (
				7E953E1A21C6D717007BC27A /* Main.storyboard */,
			);
			path = View;
			sourceTree = "<group>";
		};
		7E953E2A21C6D79E007BC27A /* Controller */ = {
			isa = PBXGroup;
			children = (
				7E953E1821C6D717007BC27A /* ViewController.swift */,
			);
			path = Controller;
			sourceTree = "<group>";
		};
		7E953E2B21C6D7A3007BC27A /* Service */ = {
			isa = PBXGroup;
			children = (
				7E953E3521C6D7E1007BC27A /* ServiceRequest.swift */,
				7E953E2C21C6D7BD007BC27A /* Network */,
			);
			path = Service;
			sourceTree = "<group>";
		};
		7E953E2C21C6D7BD007BC27A /* Network */ = {
			isa = PBXGroup;
			children = (
				7E953E2D21C6D7D0007BC27A /* HttpRequest.swift */,
				7E953E2E21C6D7D0007BC27A /* Request.MovieAPI.swift */,
				7E953E3021C6D7D0007BC27A /* Request.swift */,
				7E953E2F21C6D7D0007BC27A /* Request+HttpRequest.swift */,
			);
			path = Network;
			sourceTree = "<group>";
		};
		9FC7BFF8A8CEE1A2C77C3F54 /* Pods */ = {
			isa = PBXGroup;
			children = (
				475E6B06EB37BB8AB8641A2D /* Pods-CodeChallenge.debug.xcconfig */,
				31F3B6A703FDDAF05CCC999A /* Pods-CodeChallenge.release.xcconfig */,
			);
			name = Pods;
			sourceTree = "<group>";
		};
		D6B385A4979FAF2D740BB91E /* Frameworks */ = {
			isa = PBXGroup;
			children = (
				A0F2B03751D9B43A115D518E /* Pods_CodeChallenge.framework */,
			);
			name = Frameworks;
			sourceTree = "<group>";
		};
/* End PBXGroup section */

/* Begin PBXNativeTarget section */
		7E953E1221C6D717007BC27A /* CodeChallenge */ = {
			isa = PBXNativeTarget;
			buildConfigurationList = 7E953E2521C6D718007BC27A /* Build configuration list for PBXNativeTarget "CodeChallenge" */;
			buildPhases = (
				72F2BE8B376F20F2FA6458C5 /* [CP] Check Pods Manifest.lock */,
				7E953E0F21C6D717007BC27A /* Sources */,
				7E953E1021C6D717007BC27A /* Frameworks */,
				7E953E1121C6D717007BC27A /* Resources */,
				B6FD61ED81083324A4851E56 /* [CP] Embed Pods Frameworks */,
			);
			buildRules = (
			);
			dependencies = (
			);
			name = CodeChallenge;
			productName = CodeChallenge;
			productReference = 7E953E1321C6D717007BC27A /* CodeChallenge.app */;
			productType = "com.apple.product-type.application";
		};
/* End PBXNativeTarget section */

/* Begin PBXProject section */
		7E953E0B21C6D717007BC27A /* Project object */ = {
			isa = PBXProject;
			attributes = {
				LastSwiftUpdateCheck = 1010;
				LastUpgradeCheck = 1010;
				ORGANIZATIONNAME = "Yasmin Nogueira";
				TargetAttributes = {
					7E953E1221C6D717007BC27A = {
						CreatedOnToolsVersion = 10.1;
					};
				};
			};
			buildConfigurationList = 7E953E0E21C6D717007BC27A /* Build configuration list for PBXProject "CodeChallenge" */;
			compatibilityVersion = "Xcode 9.3";
			developmentRegion = en;
			hasScannedForEncodings = 0;
			knownRegions = (
				en,
				Base,
			);
			mainGroup = 7E953E0A21C6D717007BC27A;
			productRefGroup = 7E953E1421C6D717007BC27A /* Products */;
			projectDirPath = "";
			projectRoot = "";
			targets = (
				7E953E1221C6D717007BC27A /* CodeChallenge */,
			);
		};
/* End PBXProject section */

/* Begin PBXResourcesBuildPhase section */
		7E953E1121C6D717007BC27A /* Resources */ = {
			isa = PBXResourcesBuildPhase;
			buildActionMask = 2147483647;
			files = (
				7E953E2121C6D718007BC27A /* LaunchScreen.storyboard in Resources */,
				7E953E1E21C6D718007BC27A /* Assets.xcassets in Resources */,
				7E953E1C21C6D717007BC27A /* Main.storyboard in Resources */,
			);
			runOnlyForDeploymentPostprocessing = 0;
		};
/* End PBXResourcesBuildPhase section */

/* Begin PBXShellScriptBuildPhase section */
		72F2BE8B376F20F2FA6458C5 /* [CP] Check Pods Manifest.lock */ = {
			isa = PBXShellScriptBuildPhase;
			buildActionMask = 2147483647;
			files = (
			);
			inputPaths = (
				"${PODS_PODFILE_DIR_PATH}/Podfile.lock",
				"${PODS_ROOT}/Manifest.lock",
			);
			name = "[CP] Check Pods Manifest.lock";
			outputPaths = (
				"$(DERIVED_FILE_DIR)/Pods-CodeChallenge-checkManifestLockResult.txt",
			);
			runOnlyForDeploymentPostprocessing = 0;
			shellPath = /bin/sh;
			shellScript = "diff \"${PODS_PODFILE_DIR_PATH}/Podfile.lock\" \"${PODS_ROOT}/Manifest.lock\" > /dev/null\nif [ $? != 0 ] ; then\n    # print error to STDERR\n    echo \"error: The sandbox is not in sync with the Podfile.lock. Run 'pod install' or update your CocoaPods installation.\" >&2\n    exit 1\nfi\n# This output is used by Xcode 'outputs' to avoid re-running this script phase.\necho \"SUCCESS\" > \"${SCRIPT_OUTPUT_FILE_0}\"\n";
			showEnvVarsInLog = 0;
		};
		B6FD61ED81083324A4851E56 /* [CP] Embed Pods Frameworks */ = {
			isa = PBXShellScriptBuildPhase;
			buildActionMask = 2147483647;
			files = (
			);
			inputPaths = (
				"${SRCROOT}/Pods/Target Support Files/Pods-CodeChallenge/Pods-CodeChallenge-frameworks.sh",
				"${BUILT_PRODUCTS_DIR}/Alamofire/Alamofire.framework",
				"${BUILT_PRODUCTS_DIR}/SwiftyJSON/SwiftyJSON.framework",
			);
			name = "[CP] Embed Pods Frameworks";
			outputPaths = (
				"${TARGET_BUILD_DIR}/${FRAMEWORKS_FOLDER_PATH}/Alamofire.framework",
				"${TARGET_BUILD_DIR}/${FRAMEWORKS_FOLDER_PATH}/SwiftyJSON.framework",
			);
			runOnlyForDeploymentPostprocessing = 0;
			shellPath = /bin/sh;
			shellScript = "\"${SRCROOT}/Pods/Target Support Files/Pods-CodeChallenge/Pods-CodeChallenge-frameworks.sh\"\n";
			showEnvVarsInLog = 0;
		};
/* End PBXShellScriptBuildPhase section */

/* Begin PBXSourcesBuildPhase section */
		7E953E0F21C6D717007BC27A /* Sources */ = {
			isa = PBXSourcesBuildPhase;
			buildActionMask = 2147483647;
			files = (
				7E953E3621C6D7E1007BC27A /* ServiceRequest.swift in Sources */,
				7E953E1921C6D717007BC27A /* ViewController.swift in Sources */,
				7E953E3421C6D7D0007BC27A /* Request.swift in Sources */,
				7E953E1721C6D717007BC27A /* AppDelegate.swift in Sources */,
				7E953E3321C6D7D0007BC27A /* Request+HttpRequest.swift in Sources */,
				7E953E3221C6D7D0007BC27A /* Request.MovieAPI.swift in Sources */,
				7E953E3121C6D7D0007BC27A /* HttpRequest.swift in Sources */,
			);
			runOnlyForDeploymentPostprocessing = 0;
		};
/* End PBXSourcesBuildPhase section */

/* Begin PBXVariantGroup section */
		7E953E1A21C6D717007BC27A /* Main.storyboard */ = {
			isa = PBXVariantGroup;
			children = (
				7E953E1B21C6D717007BC27A /* Base */,
			);
			name = Main.storyboard;
			sourceTree = "<group>";
		};
		7E953E1F21C6D718007BC27A /* LaunchScreen.storyboard */ = {
			isa = PBXVariantGroup;
			children = (
				7E953E2021C6D718007BC27A /* Base */,
			);
			name = LaunchScreen.storyboard;
			sourceTree = "<group>";
		};
/* End PBXVariantGroup section */

/* Begin XCBuildConfiguration section */
		7E953E2321C6D718007BC27A /* Debug */ = {
			isa = XCBuildConfiguration;
			buildSettings = {
				ALWAYS_SEARCH_USER_PATHS = NO;
				CLANG_ANALYZER_NONNULL = YES;
				CLANG_ANALYZER_NUMBER_OBJECT_CONVERSION = YES_AGGRESSIVE;
				CLANG_CXX_LANGUAGE_STANDARD = "gnu++14";
				CLANG_CXX_LIBRARY = "libc++";
				CLANG_ENABLE_MODULES = YES;
				CLANG_ENABLE_OBJC_ARC = YES;
				CLANG_ENABLE_OBJC_WEAK = YES;
				CLANG_WARN_BLOCK_CAPTURE_AUTORELEASING = YES;
				CLANG_WARN_BOOL_CONVERSION = YES;
				CLANG_WARN_COMMA = YES;
				CLANG_WARN_CONSTANT_CONVERSION = YES;
				CLANG_WARN_DEPRECATED_OBJC_IMPLEMENTATIONS = YES;
				CLANG_WARN_DIRECT_OBJC_ISA_USAGE = YES_ERROR;
				CLANG_WARN_DOCUMENTATION_COMMENTS = YES;
				CLANG_WARN_EMPTY_BODY = YES;
				CLANG_WARN_ENUM_CONVERSION = YES;
				CLANG_WARN_INFINITE_RECURSION = YES;
				CLANG_WARN_INT_CONVERSION = YES;
				CLANG_WARN_NON_LITERAL_NULL_CONVERSION = YES;
				CLANG_WARN_OBJC_IMPLICIT_RETAIN_SELF = YES;
				CLANG_WARN_OBJC_LITERAL_CONVERSION = YES;
				CLANG_WARN_OBJC_ROOT_CLASS = YES_ERROR;
				CLANG_WARN_RANGE_LOOP_ANALYSIS = YES;
				CLANG_WARN_STRICT_PROTOTYPES = YES;
				CLANG_WARN_SUSPICIOUS_MOVE = YES;
				CLANG_WARN_UNGUARDED_AVAILABILITY = YES_AGGRESSIVE;
				CLANG_WARN_UNREACHABLE_CODE = YES;
				CLANG_WARN__DUPLICATE_METHOD_MATCH = YES;
				CODE_SIGN_IDENTITY = "iPhone Developer";
				COPY_PHASE_STRIP = NO;
				DEBUG_INFORMATION_FORMAT = dwarf;
				ENABLE_STRICT_OBJC_MSGSEND = YES;
				ENABLE_TESTABILITY = YES;
				GCC_C_LANGUAGE_STANDARD = gnu11;
				GCC_DYNAMIC_NO_PIC = NO;
				GCC_NO_COMMON_BLOCKS = YES;
				GCC_OPTIMIZATION_LEVEL = 0;
				GCC_PREPROCESSOR_DEFINITIONS = (
					"DEBUG=1",
					"$(inherited)",
				);
				GCC_WARN_64_TO_32_BIT_CONVERSION = YES;
				GCC_WARN_ABOUT_RETURN_TYPE = YES_ERROR;
				GCC_WARN_UNDECLARED_SELECTOR = YES;
				GCC_WARN_UNINITIALIZED_AUTOS = YES_AGGRESSIVE;
				GCC_WARN_UNUSED_FUNCTION = YES;
				GCC_WARN_UNUSED_VARIABLE = YES;
				IPHONEOS_DEPLOYMENT_TARGET = 12.1;
				MTL_ENABLE_DEBUG_INFO = INCLUDE_SOURCE;
				MTL_FAST_MATH = YES;
				ONLY_ACTIVE_ARCH = YES;
				SDKROOT = iphoneos;
				SWIFT_ACTIVE_COMPILATION_CONDITIONS = DEBUG;
				SWIFT_OPTIMIZATION_LEVEL = "-Onone";
			};
			name = Debug;
		};
		7E953E2421C6D718007BC27A /* Release */ = {
			isa = XCBuildConfiguration;
			buildSettings = {
				ALWAYS_SEARCH_USER_PATHS = NO;
				CLANG_ANALYZER_NONNULL = YES;
				CLANG_ANALYZER_NUMBER_OBJECT_CONVERSION = YES_AGGRESSIVE;
				CLANG_CXX_LANGUAGE_STANDARD = "gnu++14";
				CLANG_CXX_LIBRARY = "libc++";
				CLANG_ENABLE_MODULES = YES;
				CLANG_ENABLE_OBJC_ARC = YES;
				CLANG_ENABLE_OBJC_WEAK = YES;
				CLANG_WARN_BLOCK_CAPTURE_AUTORELEASING = YES;
				CLANG_WARN_BOOL_CONVERSION = YES;
				CLANG_WARN_COMMA = YES;
				CLANG_WARN_CONSTANT_CONVERSION = YES;
				CLANG_WARN_DEPRECATED_OBJC_IMPLEMENTATIONS = YES;
				CLANG_WARN_DIRECT_OBJC_ISA_USAGE = YES_ERROR;
				CLANG_WARN_DOCUMENTATION_COMMENTS = YES;
				CLANG_WARN_EMPTY_BODY = YES;
				CLANG_WARN_ENUM_CONVERSION = YES;
				CLANG_WARN_INFINITE_RECURSION = YES;
				CLANG_WARN_INT_CONVERSION = YES;
				CLANG_WARN_NON_LITERAL_NULL_CONVERSION = YES;
				CLANG_WARN_OBJC_IMPLICIT_RETAIN_SELF = YES;
				CLANG_WARN_OBJC_LITERAL_CONVERSION = YES;
				CLANG_WARN_OBJC_ROOT_CLASS = YES_ERROR;
				CLANG_WARN_RANGE_LOOP_ANALYSIS = YES;
				CLANG_WARN_STRICT_PROTOTYPES = YES;
				CLANG_WARN_SUSPICIOUS_MOVE = YES;
				CLANG_WARN_UNGUARDED_AVAILABILITY = YES_AGGRESSIVE;
				CLANG_WARN_UNREACHABLE_CODE = YES;
				CLANG_WARN__DUPLICATE_METHOD_MATCH = YES;
				CODE_SIGN_IDENTITY = "iPhone Developer";
				COPY_PHASE_STRIP = NO;
				DEBUG_INFORMATION_FORMAT = "dwarf-with-dsym";
				ENABLE_NS_ASSERTIONS = NO;
				ENABLE_STRICT_OBJC_MSGSEND = YES;
				GCC_C_LANGUAGE_STANDARD = gnu11;
				GCC_NO_COMMON_BLOCKS = YES;
				GCC_WARN_64_TO_32_BIT_CONVERSION = YES;
				GCC_WARN_ABOUT_RETURN_TYPE = YES_ERROR;
				GCC_WARN_UNDECLARED_SELECTOR = YES;
				GCC_WARN_UNINITIALIZED_AUTOS = YES_AGGRESSIVE;
				GCC_WARN_UNUSED_FUNCTION = YES;
				GCC_WARN_UNUSED_VARIABLE = YES;
				IPHONEOS_DEPLOYMENT_TARGET = 12.1;
				MTL_ENABLE_DEBUG_INFO = NO;
				MTL_FAST_MATH = YES;
				SDKROOT = iphoneos;
				SWIFT_COMPILATION_MODE = wholemodule;
				SWIFT_OPTIMIZATION_LEVEL = "-O";
				VALIDATE_PRODUCT = YES;
			};
			name = Release;
		};
		7E953E2621C6D718007BC27A /* Debug */ = {
			isa = XCBuildConfiguration;
			baseConfigurationReference = 475E6B06EB37BB8AB8641A2D /* Pods-CodeChallenge.debug.xcconfig */;
			buildSettings = {
				ASSETCATALOG_COMPILER_APPICON_NAME = AppIcon;
				CODE_SIGN_STYLE = Automatic;
				DEVELOPMENT_TEAM = H3K85CCEUB;
				INFOPLIST_FILE = CodeChallenge/Info.plist;
				LD_RUNPATH_SEARCH_PATHS = (
					"$(inherited)",
					"@executable_path/Frameworks",
				);
				PRODUCT_BUNDLE_IDENTIFIER = br.org.yasminnogueira.CodeChallenge;
				PRODUCT_NAME = "$(TARGET_NAME)";
				SWIFT_VERSION = 4.2;
				TARGETED_DEVICE_FAMILY = "1,2";
			};
			name = Debug;
		};
		7E953E2721C6D718007BC27A /* Release */ = {
			isa = XCBuildConfiguration;
			baseConfigurationReference = 31F3B6A703FDDAF05CCC999A /* Pods-CodeChallenge.release.xcconfig */;
			buildSettings = {
				ASSETCATALOG_COMPILER_APPICON_NAME = AppIcon;
				CODE_SIGN_STYLE = Automatic;
				DEVELOPMENT_TEAM = H3K85CCEUB;
				INFOPLIST_FILE = CodeChallenge/Info.plist;
				LD_RUNPATH_SEARCH_PATHS = (
					"$(inherited)",
					"@executable_path/Frameworks",
				);
				PRODUCT_BUNDLE_IDENTIFIER = br.org.yasminnogueira.CodeChallenge;
				PRODUCT_NAME = "$(TARGET_NAME)";
				SWIFT_VERSION = 4.2;
				TARGETED_DEVICE_FAMILY = "1,2";
			};
			name = Release;
		};
/* End XCBuildConfiguration section */

/* Begin XCConfigurationList section */
		7E953E0E21C6D717007BC27A /* Build configuration list for PBXProject "CodeChallenge" */ = {
			isa = XCConfigurationList;
			buildConfigurations = (
				7E953E2321C6D718007BC27A /* Debug */,
				7E953E2421C6D718007BC27A /* Release */,
			);
			defaultConfigurationIsVisible = 0;
			defaultConfigurationName = Release;
		};
		7E953E2521C6D718007BC27A /* Build configuration list for PBXNativeTarget "CodeChallenge" */ = {
			isa = XCConfigurationList;
			buildConfigurations = (
				7E953E2621C6D718007BC27A /* Debug */,
				7E953E2721C6D718007BC27A /* Release */,
			);
			defaultConfigurationIsVisible = 0;
			defaultConfigurationName = Release;
		};
/* End XCConfigurationList section */
	};
	rootObject = 7E953E0B21C6D717007BC27A /* Project object */;
}
